
Microsoft Visual Studio Solution File, Format Version 12.00
# Visual Studio 15
VisualStudioVersion = 15.0.28307.960
MinimumVisualStudioVersion = 10.0.40219.1
Project("{FAE04EC0-301F-11D3-BF4B-00C04F79EFBC}") = "SalesXamarin.Android", "SalesXamarin\SalesXamarin.Android\SalesXamarin.Android.csproj", "{9C18896E-2267-47B8-B83D-E872D031A008}"
EndProject
Project("{FAE04EC0-301F-11D3-BF4B-00C04F79EFBC}") = "SalesXamarin.iOS", "SalesXamarin\SalesXamarin.iOS\SalesXamarin.iOS.csproj", "{2E9C33C7-E560-40A8-AA46-4EA89D67D7E8}"
EndProject
Project("{FAE04EC0-301F-11D3-BF4B-00C04F79EFBC}") = "SalesXamarin.UWP", "SalesXamarin\SalesXamarin.UWP\SalesXamarin.UWP.csproj", "{DC0465A5-2791-40B5-B54D-57E7A80B70DA}"
EndProject
Project("{FAE04EC0-301F-11D3-BF4B-00C04F79EFBC}") = "SalesXamarin", "SalesXamarin\SalesXamarin\SalesXamarin.csproj", "{FBB5875F-3019-4F49-BE80-1C48D5E38763}"
EndProject
Project("{FAE04EC0-301F-11D3-BF4B-00C04F79EFBC}") = "SalesXamarin.Domain", "SalesXamarin.Domain\SalesXamarin.Domain.csproj", "{37473FA3-DAF1-41A9-BBCF-1FE7068C4F37}"
EndProject
Project("{FAE04EC0-301F-11D3-BF4B-00C04F79EFBC}") = "SalesXamarin.Common", "SalesXamarin.Common\SalesXamarin.Common.csproj", "{E32CDE7C-400D-40E0-821E-BBC7DC40E505}"
EndProject
Project("{FAE04EC0-301F-11D3-BF4B-00C04F79EFBC}") = "SalesXamarin.API", "SalesXamarin.API\SalesXamarin.API.csproj", "{65D2FD85-CC78-4E3B-A82C-5D3E013172BB}"
EndProject
Project("{FAE04EC0-301F-11D3-BF4B-00C04F79EFBC}") = "SalesXamarin.Backend", "SalesXamarin.Backend\SalesXamarin.Backend.csproj", "{90ABCBCD-7E3A-470D-85BD-EE7A4803E30F}"
EndProject
Global
	GlobalSection(SolutionConfigurationPlatforms) = preSolution
		Ad-Hoc|Any CPU = Ad-Hoc|Any CPU
		Ad-Hoc|ARM = Ad-Hoc|ARM
		Ad-Hoc|iPhone = Ad-Hoc|iPhone
		Ad-Hoc|iPhoneSimulator = Ad-Hoc|iPhoneSimulator
		Ad-Hoc|x64 = Ad-Hoc|x64
		Ad-Hoc|x86 = Ad-Hoc|x86
		AppStore|Any CPU = AppStore|Any CPU
		AppStore|ARM = AppStore|ARM
		AppStore|iPhone = AppStore|iPhone
		AppStore|iPhoneSimulator = AppStore|iPhoneSimulator
		AppStore|x64 = AppStore|x64
		AppStore|x86 = AppStore|x86
		Debug|Any CPU = Debug|Any CPU
		Debug|ARM = Debug|ARM
		Debug|iPhone = Debug|iPhone
		Debug|iPhoneSimulator = Debug|iPhoneSimulator
		Debug|x64 = Debug|x64
		Debug|x86 = Debug|x86
		Release|Any CPU = Release|Any CPU
		Release|ARM = Release|ARM
		Release|iPhone = Release|iPhone
		Release|iPhoneSimulator = Release|iPhoneSimulator
		Release|x64 = Release|x64
		Release|x86 = Release|x86
	EndGlobalSection
	GlobalSection(ProjectConfigurationPlatforms) = postSolution
		{9C18896E-2267-47B8-B83D-E872D031A008}.Ad-Hoc|Any CPU.ActiveCfg = Release|Any CPU
		{9C18896E-2267-47B8-B83D-E872D031A008}.Ad-Hoc|Any CPU.Build.0 = Release|Any CPU
		{9C18896E-2267-47B8-B83D-E872D031A008}.Ad-Hoc|Any CPU.Deploy.0 = Release|Any CPU
		{9C18896E-2267-47B8-B83D-E872D031A008}.Ad-Hoc|ARM.ActiveCfg = Release|Any CPU
		{9C18896E-2267-47B8-B83D-E872D031A008}.Ad-Hoc|ARM.Build.0 = Release|Any CPU
		{9C18896E-2267-47B8-B83D-E872D031A008}.Ad-Hoc|ARM.Deploy.0 = Release|Any CPU
		{9C18896E-2267-47B8-B83D-E872D031A008}.Ad-Hoc|iPhone.ActiveCfg = Release|Any CPU
		{9C18896E-2267-47B8-B83D-E872D031A008}.Ad-Hoc|iPhone.Build.0 = Release|Any CPU
		{9C18896E-2267-47B8-B83D-E872D031A008}.Ad-Hoc|iPhone.Deploy.0 = Release|Any CPU
		{9C18896E-2267-47B8-B83D-E872D031A008}.Ad-Hoc|iPhoneSimulator.ActiveCfg = Release|Any CPU
		{9C18896E-2267-47B8-B83D-E872D031A008}.Ad-Hoc|iPhoneSimulator.Build.0 = Release|Any CPU
		{9C18896E-2267-47B8-B83D-E872D031A008}.Ad-Hoc|iPhoneSimulator.Deploy.0 = Release|Any CPU
		{9C18896E-2267-47B8-B83D-E872D031A008}.Ad-Hoc|x64.ActiveCfg = Release|Any CPU
		{9C18896E-2267-47B8-B83D-E872D031A008}.Ad-Hoc|x64.Build.0 = Release|Any CPU
		{9C18896E-2267-47B8-B83D-E872D031A008}.Ad-Hoc|x64.Deploy.0 = Release|Any CPU
		{9C18896E-2267-47B8-B83D-E872D031A008}.Ad-Hoc|x86.ActiveCfg = Release|Any CPU
		{9C18896E-2267-47B8-B83D-E872D031A008}.Ad-Hoc|x86.Build.0 = Release|Any CPU
		{9C18896E-2267-47B8-B83D-E872D031A008}.Ad-Hoc|x86.Deploy.0 = Release|Any CPU
		{9C18896E-2267-47B8-B83D-E872D031A008}.AppStore|Any CPU.ActiveCfg = Release|Any CPU
		{9C18896E-2267-47B8-B83D-E872D031A008}.AppStore|Any CPU.Build.0 = Release|Any CPU
		{9C18896E-2267-47B8-B83D-E872D031A008}.AppStore|Any CPU.Deploy.0 = Release|Any CPU
		{9C18896E-2267-47B8-B83D-E872D031A008}.AppStore|ARM.ActiveCfg = Release|Any CPU
		{9C18896E-2267-47B8-B83D-E872D031A008}.AppStore|ARM.Build.0 = Release|Any CPU
		{9C18896E-2267-47B8-B83D-E872D031A008}.AppStore|ARM.Deploy.0 = Release|Any CPU
		{9C18896E-2267-47B8-B83D-E872D031A008}.AppStore|iPhone.ActiveCfg = Release|Any CPU
		{9C18896E-2267-47B8-B83D-E872D031A008}.AppStore|iPhone.Build.0 = Release|Any CPU
		{9C18896E-2267-47B8-B83D-E872D031A008}.AppStore|iPhone.Deploy.0 = Release|Any CPU
		{9C18896E-2267-47B8-B83D-E872D031A008}.AppStore|iPhoneSimulator.ActiveCfg = Release|Any CPU
		{9C18896E-2267-47B8-B83D-E872D031A008}.AppStore|iPhoneSimulator.Build.0 = Release|Any CPU
		{9C18896E-2267-47B8-B83D-E872D031A008}.AppStore|iPhoneSimulator.Deploy.0 = Release|Any CPU
		{9C18896E-2267-47B8-B83D-E872D031A008}.AppStore|x64.ActiveCfg = Release|Any CPU
		{9C18896E-2267-47B8-B83D-E872D031A008}.AppStore|x64.Build.0 = Release|Any CPU
		{9C18896E-2267-47B8-B83D-E872D031A008}.AppStore|x64.Deploy.0 = Release|Any CPU
		{9C18896E-2267-47B8-B83D-E872D031A008}.AppStore|x86.ActiveCfg = Release|Any CPU
		{9C18896E-2267-47B8-B83D-E872D031A008}.AppStore|x86.Build.0 = Release|Any CPU
		{9C18896E-2267-47B8-B83D-E872D031A008}.AppStore|x86.Deploy.0 = Release|Any CPU
		{9C18896E-2267-47B8-B83D-E872D031A008}.Debug|Any CPU.ActiveCfg = Debug|Any CPU
		{9C18896E-2267-47B8-B83D-E872D031A008}.Debug|Any CPU.Build.0 = Debug|Any CPU
		{9C18896E-2267-47B8-B83D-E872D031A008}.Debug|Any CPU.Deploy.0 = Debug|Any CPU
		{9C18896E-2267-47B8-B83D-E872D031A008}.Debug|ARM.ActiveCfg = Debug|Any CPU
		{9C18896E-2267-47B8-B83D-E872D031A008}.Debug|ARM.Build.0 = Debug|Any CPU
		{9C18896E-2267-47B8-B83D-E872D031A008}.Debug|ARM.Deploy.0 = Debug|Any CPU
		{9C18896E-2267-47B8-B83D-E872D031A008}.Debug|iPhone.ActiveCfg = Debug|Any CPU
		{9C18896E-2267-47B8-B83D-E872D031A008}.Debug|iPhone.Build.0 = Debug|Any CPU
		{9C18896E-2267-47B8-B83D-E872D031A008}.Debug|iPhone.Deploy.0 = Debug|Any CPU
		{9C18896E-2267-47B8-B83D-E872D031A008}.Debug|iPhoneSimulator.ActiveCfg = Debug|Any CPU
		{9C18896E-2267-47B8-B83D-E872D031A008}.Debug|iPhoneSimulator.Build.0 = Debug|Any CPU
		{9C18896E-2267-47B8-B83D-E872D031A008}.Debug|iPhoneSimulator.Deploy.0 = Debug|Any CPU
		{9C18896E-2267-47B8-B83D-E872D031A008}.Debug|x64.ActiveCfg = Debug|Any CPU
		{9C18896E-2267-47B8-B83D-E872D031A008}.Debug|x64.Build.0 = Debug|Any CPU
		{9C18896E-2267-47B8-B83D-E872D031A008}.Debug|x64.Deploy.0 = Debug|Any CPU
		{9C18896E-2267-47B8-B83D-E872D031A008}.Debug|x86.ActiveCfg = Debug|Any CPU
		{9C18896E-2267-47B8-B83D-E872D031A008}.Debug|x86.Build.0 = Debug|Any CPU
		{9C18896E-2267-47B8-B83D-E872D031A008}.Debug|x86.Deploy.0 = Debug|Any CPU
		{9C18896E-2267-47B8-B83D-E872D031A008}.Release|Any CPU.ActiveCfg = Release|Any CPU
		{9C18896E-2267-47B8-B83D-E872D031A008}.Release|Any CPU.Build.0 = Release|Any CPU
		{9C18896E-2267-47B8-B83D-E872D031A008}.Release|Any CPU.Deploy.0 = Release|Any CPU
		{9C18896E-2267-47B8-B83D-E872D031A008}.Release|ARM.ActiveCfg = Release|Any CPU
		{9C18896E-2267-47B8-B83D-E872D031A008}.Release|ARM.Build.0 = Release|Any CPU
		{9C18896E-2267-47B8-B83D-E872D031A008}.Release|ARM.Deploy.0 = Release|Any CPU
		{9C18896E-2267-47B8-B83D-E872D031A008}.Release|iPhone.ActiveCfg = Release|Any CPU
		{9C18896E-2267-47B8-B83D-E872D031A008}.Release|iPhone.Build.0 = Release|Any CPU
		{9C18896E-2267-47B8-B83D-E872D031A008}.Release|iPhone.Deploy.0 = Release|Any CPU
		{9C18896E-2267-47B8-B83D-E872D031A008}.Release|iPhoneSimulator.ActiveCfg = Release|Any CPU
		{9C18896E-2267-47B8-B83D-E872D031A008}.Release|iPhoneSimulator.Build.0 = Release|Any CPU
		{9C18896E-2267-47B8-B83D-E872D031A008}.Release|iPhoneSimulator.Deploy.0 = Release|Any CPU
		{9C18896E-2267-47B8-B83D-E872D031A008}.Release|x64.ActiveCfg = Release|Any CPU
		{9C18896E-2267-47B8-B83D-E872D031A008}.Release|x64.Build.0 = Release|Any CPU
		{9C18896E-2267-47B8-B83D-E872D031A008}.Release|x64.Deploy.0 = Release|Any CPU
		{9C18896E-2267-47B8-B83D-E872D031A008}.Release|x86.ActiveCfg = Release|Any CPU
		{9C18896E-2267-47B8-B83D-E872D031A008}.Release|x86.Build.0 = Release|Any CPU
		{9C18896E-2267-47B8-B83D-E872D031A008}.Release|x86.Deploy.0 = Release|Any CPU
		{2E9C33C7-E560-40A8-AA46-4EA89D67D7E8}.Ad-Hoc|Any CPU.ActiveCfg = Ad-Hoc|iPhone
		{2E9C33C7-E560-40A8-AA46-4EA89D67D7E8}.Ad-Hoc|Any CPU.Build.0 = Ad-Hoc|iPhone
		{2E9C33C7-E560-40A8-AA46-4EA89D67D7E8}.Ad-Hoc|Any CPU.Deploy.0 = Ad-Hoc|iPhone
		{2E9C33C7-E560-40A8-AA46-4EA89D67D7E8}.Ad-Hoc|ARM.ActiveCfg = Ad-Hoc|iPhone
		{2E9C33C7-E560-40A8-AA46-4EA89D67D7E8}.Ad-Hoc|ARM.Build.0 = Ad-Hoc|iPhone
		{2E9C33C7-E560-40A8-AA46-4EA89D67D7E8}.Ad-Hoc|ARM.Deploy.0 = Ad-Hoc|iPhone
		{2E9C33C7-E560-40A8-AA46-4EA89D67D7E8}.Ad-Hoc|iPhone.ActiveCfg = Ad-Hoc|iPhone
		{2E9C33C7-E560-40A8-AA46-4EA89D67D7E8}.Ad-Hoc|iPhone.Build.0 = Ad-Hoc|iPhone
		{2E9C33C7-E560-40A8-AA46-4EA89D67D7E8}.Ad-Hoc|iPhone.Deploy.0 = Ad-Hoc|iPhone
		{2E9C33C7-E560-40A8-AA46-4EA89D67D7E8}.Ad-Hoc|iPhoneSimulator.ActiveCfg = Ad-Hoc|iPhoneSimulator
		{2E9C33C7-E560-40A8-AA46-4EA89D67D7E8}.Ad-Hoc|iPhoneSimulator.Build.0 = Ad-Hoc|iPhoneSimulator
		{2E9C33C7-E560-40A8-AA46-4EA89D67D7E8}.Ad-Hoc|iPhoneSimulator.Deploy.0 = Ad-Hoc|iPhoneSimulator
		{2E9C33C7-E560-40A8-AA46-4EA89D67D7E8}.Ad-Hoc|x64.ActiveCfg = Ad-Hoc|iPhone
		{2E9C33C7-E560-40A8-AA46-4EA89D67D7E8}.Ad-Hoc|x64.Build.0 = Ad-Hoc|iPhone
		{2E9C33C7-E560-40A8-AA46-4EA89D67D7E8}.Ad-Hoc|x64.Deploy.0 = Ad-Hoc|iPhone
		{2E9C33C7-E560-40A8-AA46-4EA89D67D7E8}.Ad-Hoc|x86.ActiveCfg = Ad-Hoc|iPhone
		{2E9C33C7-E560-40A8-AA46-4EA89D67D7E8}.Ad-Hoc|x86.Build.0 = Ad-Hoc|iPhone
		{2E9C33C7-E560-40A8-AA46-4EA89D67D7E8}.Ad-Hoc|x86.Deploy.0 = Ad-Hoc|iPhone
		{2E9C33C7-E560-40A8-AA46-4EA89D67D7E8}.AppStore|Any CPU.ActiveCfg = AppStore|iPhone
		{2E9C33C7-E560-40A8-AA46-4EA89D67D7E8}.AppStore|Any CPU.Build.0 = AppStore|iPhone
		{2E9C33C7-E560-40A8-AA46-4EA89D67D7E8}.AppStore|Any CPU.Deploy.0 = AppStore|iPhone
		{2E9C33C7-E560-40A8-AA46-4EA89D67D7E8}.AppStore|ARM.ActiveCfg = AppStore|iPhone
		{2E9C33C7-E560-40A8-AA46-4EA89D67D7E8}.AppStore|ARM.Build.0 = AppStore|iPhone
		{2E9C33C7-E560-40A8-AA46-4EA89D67D7E8}.AppStore|ARM.Deploy.0 = AppStore|iPhone
		{2E9C33C7-E560-40A8-AA46-4EA89D67D7E8}.AppStore|iPhone.ActiveCfg = AppStore|iPhone
		{2E9C33C7-E560-40A8-AA46-4EA89D67D7E8}.AppStore|iPhone.Build.0 = AppStore|iPhone
		{2E9C33C7-E560-40A8-AA46-4EA89D67D7E8}.AppStore|iPhone.Deploy.0 = AppStore|iPhone
		{2E9C33C7-E560-40A8-AA46-4EA89D67D7E8}.AppStore|iPhoneSimulator.ActiveCfg = AppStore|iPhoneSimulator
		{2E9C33C7-E560-40A8-AA46-4EA89D67D7E8}.AppStore|iPhoneSimulator.Build.0 = AppStore|iPhoneSimulator
		{2E9C33C7-E560-40A8-AA46-4EA89D67D7E8}.AppStore|iPhoneSimulator.Deploy.0 = AppStore|iPhoneSimulator
		{2E9C33C7-E560-40A8-AA46-4EA89D67D7E8}.AppStore|x64.ActiveCfg = AppStore|iPhone
		{2E9C33C7-E560-40A8-AA46-4EA89D67D7E8}.AppStore|x64.Build.0 = AppStore|iPhone
		{2E9C33C7-E560-40A8-AA46-4EA89D67D7E8}.AppStore|x64.Deploy.0 = AppStore|iPhone
		{2E9C33C7-E560-40A8-AA46-4EA89D67D7E8}.AppStore|x86.ActiveCfg = AppStore|iPhone
		{2E9C33C7-E560-40A8-AA46-4EA89D67D7E8}.AppStore|x86.Build.0 = AppStore|iPhone
		{2E9C33C7-E560-40A8-AA46-4EA89D67D7E8}.AppStore|x86.Deploy.0 = AppStore|iPhone
		{2E9C33C7-E560-40A8-AA46-4EA89D67D7E8}.Debug|Any CPU.ActiveCfg = Debug|iPhoneSimulator
		{2E9C33C7-E560-40A8-AA46-4EA89D67D7E8}.Debug|Any CPU.Build.0 = Debug|iPhoneSimulator
		{2E9C33C7-E560-40A8-AA46-4EA89D67D7E8}.Debug|Any CPU.Deploy.0 = Debug|iPhoneSimulator
		{2E9C33C7-E560-40A8-AA46-4EA89D67D7E8}.Debug|ARM.ActiveCfg = Debug|iPhone
		{2E9C33C7-E560-40A8-AA46-4EA89D67D7E8}.Debug|ARM.Build.0 = Debug|iPhone
		{2E9C33C7-E560-40A8-AA46-4EA89D67D7E8}.Debug|ARM.Deploy.0 = Debug|iPhone
		{2E9C33C7-E560-40A8-AA46-4EA89D67D7E8}.Debug|iPhone.ActiveCfg = Debug|iPhone
		{2E9C33C7-E560-40A8-AA46-4EA89D67D7E8}.Debug|iPhone.Build.0 = Debug|iPhone
		{2E9C33C7-E560-40A8-AA46-4EA89D67D7E8}.Debug|iPhone.Deploy.0 = Debug|iPhone
		{2E9C33C7-E560-40A8-AA46-4EA89D67D7E8}.Debug|iPhoneSimulator.ActiveCfg = Debug|iPhoneSimulator
		{2E9C33C7-E560-40A8-AA46-4EA89D67D7E8}.Debug|iPhoneSimulator.Build.0 = Debug|iPhoneSimulator
		{2E9C33C7-E560-40A8-AA46-4EA89D67D7E8}.Debug|iPhoneSimulator.Deploy.0 = Debug|iPhoneSimulator
		{2E9C33C7-E560-40A8-AA46-4EA89D67D7E8}.Debug|x64.ActiveCfg = Debug|iPhone
		{2E9C33C7-E560-40A8-AA46-4EA89D67D7E8}.Debug|x64.Build.0 = Debug|iPhone
		{2E9C33C7-E560-40A8-AA46-4EA89D67D7E8}.Debug|x64.Deploy.0 = Debug|iPhone
		{2E9C33C7-E560-40A8-AA46-4EA89D67D7E8}.Debug|x86.ActiveCfg = Debug|iPhone
		{2E9C33C7-E560-40A8-AA46-4EA89D67D7E8}.Debug|x86.Build.0 = Debug|iPhone
		{2E9C33C7-E560-40A8-AA46-4EA89D67D7E8}.Debug|x86.Deploy.0 = Debug|iPhone
		{2E9C33C7-E560-40A8-AA46-4EA89D67D7E8}.Release|Any CPU.ActiveCfg = Release|iPhone
		{2E9C33C7-E560-40A8-AA46-4EA89D67D7E8}.Release|Any CPU.Build.0 = Release|iPhone
		{2E9C33C7-E560-40A8-AA46-4EA89D67D7E8}.Release|Any CPU.Deploy.0 = Release|iPhone
		{2E9C33C7-E560-40A8-AA46-4EA89D67D7E8}.Release|ARM.ActiveCfg = Release|iPhone
		{2E9C33C7-E560-40A8-AA46-4EA89D67D7E8}.Release|ARM.Build.0 = Release|iPhone
		{2E9C33C7-E560-40A8-AA46-4EA89D67D7E8}.Release|ARM.Deploy.0 = Release|iPhone
		{2E9C33C7-E560-40A8-AA46-4EA89D67D7E8}.Release|iPhone.ActiveCfg = Release|iPhone
		{2E9C33C7-E560-40A8-AA46-4EA89D67D7E8}.Release|iPhone.Build.0 = Release|iPhone
		{2E9C33C7-E560-40A8-AA46-4EA89D67D7E8}.Release|iPhone.Deploy.0 = Release|iPhone
		{2E9C33C7-E560-40A8-AA46-4EA89D67D7E8}.Release|iPhoneSimulator.ActiveCfg = Release|iPhoneSimulator
		{2E9C33C7-E560-40A8-AA46-4EA89D67D7E8}.Release|iPhoneSimulator.Build.0 = Release|iPhoneSimulator
		{2E9C33C7-E560-40A8-AA46-4EA89D67D7E8}.Release|iPhoneSimulator.Deploy.0 = Release|iPhoneSimulator
		{2E9C33C7-E560-40A8-AA46-4EA89D67D7E8}.Release|x64.ActiveCfg = Release|iPhone
		{2E9C33C7-E560-40A8-AA46-4EA89D67D7E8}.Release|x64.Build.0 = Release|iPhone
		{2E9C33C7-E560-40A8-AA46-4EA89D67D7E8}.Release|x64.Deploy.0 = Release|iPhone
		{2E9C33C7-E560-40A8-AA46-4EA89D67D7E8}.Release|x86.ActiveCfg = Release|iPhone
		{2E9C33C7-E560-40A8-AA46-4EA89D67D7E8}.Release|x86.Build.0 = Release|iPhone
		{2E9C33C7-E560-40A8-AA46-4EA89D67D7E8}.Release|x86.Deploy.0 = Release|iPhone
		{DC0465A5-2791-40B5-B54D-57E7A80B70DA}.Ad-Hoc|Any CPU.ActiveCfg = Release|x86
		{DC0465A5-2791-40B5-B54D-57E7A80B70DA}.Ad-Hoc|Any CPU.Build.0 = Release|x86
		{DC0465A5-2791-40B5-B54D-57E7A80B70DA}.Ad-Hoc|Any CPU.Deploy.0 = Release|x86
		{DC0465A5-2791-40B5-B54D-57E7A80B70DA}.Ad-Hoc|ARM.ActiveCfg = Release|ARM
		{DC0465A5-2791-40B5-B54D-57E7A80B70DA}.Ad-Hoc|ARM.Build.0 = Release|ARM
		{DC0465A5-2791-40B5-B54D-57E7A80B70DA}.Ad-Hoc|ARM.Deploy.0 = Release|ARM
		{DC0465A5-2791-40B5-B54D-57E7A80B70DA}.Ad-Hoc|iPhone.ActiveCfg = Release|x86
		{DC0465A5-2791-40B5-B54D-57E7A80B70DA}.Ad-Hoc|iPhone.Build.0 = Release|x86
		{DC0465A5-2791-40B5-B54D-57E7A80B70DA}.Ad-Hoc|iPhone.Deploy.0 = Release|x86
		{DC0465A5-2791-40B5-B54D-57E7A80B70DA}.Ad-Hoc|iPhoneSimulator.ActiveCfg = Release|x86
		{DC0465A5-2791-40B5-B54D-57E7A80B70DA}.Ad-Hoc|iPhoneSimulator.Build.0 = Release|x86
		{DC0465A5-2791-40B5-B54D-57E7A80B70DA}.Ad-Hoc|iPhoneSimulator.Deploy.0 = Release|x86
		{DC0465A5-2791-40B5-B54D-57E7A80B70DA}.Ad-Hoc|x64.ActiveCfg = Release|x64
		{DC0465A5-2791-40B5-B54D-57E7A80B70DA}.Ad-Hoc|x64.Build.0 = Release|x64
		{DC0465A5-2791-40B5-B54D-57E7A80B70DA}.Ad-Hoc|x64.Deploy.0 = Release|x64
		{DC0465A5-2791-40B5-B54D-57E7A80B70DA}.Ad-Hoc|x86.ActiveCfg = Release|x86
		{DC0465A5-2791-40B5-B54D-57E7A80B70DA}.Ad-Hoc|x86.Build.0 = Release|x86
		{DC0465A5-2791-40B5-B54D-57E7A80B70DA}.Ad-Hoc|x86.Deploy.0 = Release|x86
		{DC0465A5-2791-40B5-B54D-57E7A80B70DA}.AppStore|Any CPU.ActiveCfg = Release|x86
		{DC0465A5-2791-40B5-B54D-57E7A80B70DA}.AppStore|Any CPU.Build.0 = Release|x86
		{DC0465A5-2791-40B5-B54D-57E7A80B70DA}.AppStore|Any CPU.Deploy.0 = Release|x86
		{DC0465A5-2791-40B5-B54D-57E7A80B70DA}.AppStore|ARM.ActiveCfg = Release|ARM
		{DC0465A5-2791-40B5-B54D-57E7A80B70DA}.AppStore|ARM.Build.0 = Release|ARM
		{DC0465A5-2791-40B5-B54D-57E7A80B70DA}.AppStore|ARM.Deploy.0 = Release|ARM
		{DC0465A5-2791-40B5-B54D-57E7A80B70DA}.AppStore|iPhone.ActiveCfg = Release|x86
		{DC0465A5-2791-40B5-B54D-57E7A80B70DA}.AppStore|iPhone.Build.0 = Release|x86
		{DC0465A5-2791-40B5-B54D-57E7A80B70DA}.AppStore|iPhone.Deploy.0 = Release|x86
		{DC0465A5-2791-40B5-B54D-57E7A80B70DA}.AppStore|iPhoneSimulator.ActiveCfg = Release|x86
		{DC0465A5-2791-40B5-B54D-57E7A80B70DA}.AppStore|iPhoneSimulator.Build.0 = Release|x86
		{DC0465A5-2791-40B5-B54D-57E7A80B70DA}.AppStore|iPhoneSimulator.Deploy.0 = Release|x86
		{DC0465A5-2791-40B5-B54D-57E7A80B70DA}.AppStore|x64.ActiveCfg = Release|x64
		{DC0465A5-2791-40B5-B54D-57E7A80B70DA}.AppStore|x64.Build.0 = Release|x64
		{DC0465A5-2791-40B5-B54D-57E7A80B70DA}.AppStore|x64.Deploy.0 = Release|x64
		{DC0465A5-2791-40B5-B54D-57E7A80B70DA}.AppStore|x86.ActiveCfg = Release|x86
		{DC0465A5-2791-40B5-B54D-57E7A80B70DA}.AppStore|x86.Build.0 = Release|x86
		{DC0465A5-2791-40B5-B54D-57E7A80B70DA}.AppStore|x86.Deploy.0 = Release|x86
		{DC0465A5-2791-40B5-B54D-57E7A80B70DA}.Debug|Any CPU.ActiveCfg = Debug|x86
		{DC0465A5-2791-40B5-B54D-57E7A80B70DA}.Debug|Any CPU.Build.0 = Debug|x86
		{DC0465A5-2791-40B5-B54D-57E7A80B70DA}.Debug|Any CPU.Deploy.0 = Debug|x86
		{DC0465A5-2791-40B5-B54D-57E7A80B70DA}.Debug|ARM.ActiveCfg = Debug|ARM
		{DC0465A5-2791-40B5-B54D-57E7A80B70DA}.Debug|ARM.Build.0 = Debug|ARM
		{DC0465A5-2791-40B5-B54D-57E7A80B70DA}.Debug|ARM.Deploy.0 = Debug|ARM
		{DC0465A5-2791-40B5-B54D-57E7A80B70DA}.Debug|iPhone.ActiveCfg = Debug|x86
		{DC0465A5-2791-40B5-B54D-57E7A80B70DA}.Debug|iPhone.Build.0 = Debug|x86
		{DC0465A5-2791-40B5-B54D-57E7A80B70DA}.Debug|iPhone.Deploy.0 = Debug|x86
		{DC0465A5-2791-40B5-B54D-57E7A80B70DA}.Debug|iPhoneSimulator.ActiveCfg = Debug|x86
		{DC0465A5-2791-40B5-B54D-57E7A80B70DA}.Debug|iPhoneSimulator.Build.0 = Debug|x86
		{DC0465A5-2791-40B5-B54D-57E7A80B70DA}.Debug|iPhoneSimulator.Deploy.0 = Debug|x86
		{DC0465A5-2791-40B5-B54D-57E7A80B70DA}.Debug|x64.ActiveCfg = Debug|x64
		{DC0465A5-2791-40B5-B54D-57E7A80B70DA}.Debug|x64.Build.0 = Debug|x64
		{DC0465A5-2791-40B5-B54D-57E7A80B70DA}.Debug|x64.Deploy.0 = Debug|x64
		{DC0465A5-2791-40B5-B54D-57E7A80B70DA}.Debug|x86.ActiveCfg = Debug|x86
		{DC0465A5-2791-40B5-B54D-57E7A80B70DA}.Debug|x86.Build.0 = Debug|x86
		{DC0465A5-2791-40B5-B54D-57E7A80B70DA}.Debug|x86.Deploy.0 = Debug|x86
		{DC0465A5-2791-40B5-B54D-57E7A80B70DA}.Release|Any CPU.ActiveCfg = Release|x86
		{DC0465A5-2791-40B5-B54D-57E7A80B70DA}.Release|Any CPU.Build.0 = Release|x86
		{DC0465A5-2791-40B5-B54D-57E7A80B70DA}.Release|Any CPU.Deploy.0 = Release|x86
		{DC0465A5-2791-40B5-B54D-57E7A80B70DA}.Release|ARM.ActiveCfg = Release|ARM
		{DC0465A5-2791-40B5-B54D-57E7A80B70DA}.Release|ARM.Build.0 = Release|ARM
		{DC0465A5-2791-40B5-B54D-57E7A80B70DA}.Release|ARM.Deploy.0 = Release|ARM
		{DC0465A5-2791-40B5-B54D-57E7A80B70DA}.Release|iPhone.ActiveCfg = Release|x86
		{DC0465A5-2791-40B5-B54D-57E7A80B70DA}.Release|iPhone.Build.0 = Release|x86
		{DC0465A5-2791-40B5-B54D-57E7A80B70DA}.Release|iPhone.Deploy.0 = Release|x86
		{DC0465A5-2791-40B5-B54D-57E7A80B70DA}.Release|iPhoneSimulator.ActiveCfg = Release|x86
		{DC0465A5-2791-40B5-B54D-57E7A80B70DA}.Release|iPhoneSimulator.Build.0 = Release|x86
		{DC0465A5-2791-40B5-B54D-57E7A80B70DA}.Release|iPhoneSimulator.Deploy.0 = Release|x86
		{DC0465A5-2791-40B5-B54D-57E7A80B70DA}.Release|x64.ActiveCfg = Release|x64
		{DC0465A5-2791-40B5-B54D-57E7A80B70DA}.Release|x64.Build.0 = Release|x64
		{DC0465A5-2791-40B5-B54D-57E7A80B70DA}.Release|x64.Deploy.0 = Release|x64
		{DC0465A5-2791-40B5-B54D-57E7A80B70DA}.Release|x86.ActiveCfg = Release|x86
		{DC0465A5-2791-40B5-B54D-57E7A80B70DA}.Release|x86.Build.0 = Release|x86
		{DC0465A5-2791-40B5-B54D-57E7A80B70DA}.Release|x86.Deploy.0 = Release|x86
		{FBB5875F-3019-4F49-BE80-1C48D5E38763}.Ad-Hoc|Any CPU.ActiveCfg = Debug|Any CPU
		{FBB5875F-3019-4F49-BE80-1C48D5E38763}.Ad-Hoc|Any CPU.Build.0 = Debug|Any CPU
		{FBB5875F-3019-4F49-BE80-1C48D5E38763}.Ad-Hoc|Any CPU.Deploy.0 = Debug|Any CPU
		{FBB5875F-3019-4F49-BE80-1C48D5E38763}.Ad-Hoc|ARM.ActiveCfg = Debug|Any CPU
		{FBB5875F-3019-4F49-BE80-1C48D5E38763}.Ad-Hoc|ARM.Build.0 = Debug|Any CPU
		{FBB5875F-3019-4F49-BE80-1C48D5E38763}.Ad-Hoc|ARM.Deploy.0 = Debug|Any CPU
		{FBB5875F-3019-4F49-BE80-1C48D5E38763}.Ad-Hoc|iPhone.ActiveCfg = Debug|Any CPU
		{FBB5875F-3019-4F49-BE80-1C48D5E38763}.Ad-Hoc|iPhone.Build.0 = Debug|Any CPU
		{FBB5875F-3019-4F49-BE80-1C48D5E38763}.Ad-Hoc|iPhone.Deploy.0 = Debug|Any CPU
		{FBB5875F-3019-4F49-BE80-1C48D5E38763}.Ad-Hoc|iPhoneSimulator.ActiveCfg = Debug|Any CPU
		{FBB5875F-3019-4F49-BE80-1C48D5E38763}.Ad-Hoc|iPhoneSimulator.Build.0 = Debug|Any CPU
		{FBB5875F-3019-4F49-BE80-1C48D5E38763}.Ad-Hoc|iPhoneSimulator.Deploy.0 = Debug|Any CPU
		{FBB5875F-3019-4F49-BE80-1C48D5E38763}.Ad-Hoc|x64.ActiveCfg = Debug|Any CPU
		{FBB5875F-3019-4F49-BE80-1C48D5E38763}.Ad-Hoc|x64.Build.0 = Debug|Any CPU
		{FBB5875F-3019-4F49-BE80-1C48D5E38763}.Ad-Hoc|x64.Deploy.0 = Debug|Any CPU
		{FBB5875F-3019-4F49-BE80-1C48D5E38763}.Ad-Hoc|x86.ActiveCfg = Debug|Any CPU
		{FBB5875F-3019-4F49-BE80-1C48D5E38763}.Ad-Hoc|x86.Build.0 = Debug|Any CPU
		{FBB5875F-3019-4F49-BE80-1C48D5E38763}.Ad-Hoc|x86.Deploy.0 = Debug|Any CPU
		{FBB5875F-3019-4F49-BE80-1C48D5E38763}.AppStore|Any CPU.ActiveCfg = Debug|Any CPU
		{FBB5875F-3019-4F49-BE80-1C48D5E38763}.AppStore|Any CPU.Build.0 = Debug|Any CPU
		{FBB5875F-3019-4F49-BE80-1C48D5E38763}.AppStore|Any CPU.Deploy.0 = Debug|Any CPU
		{FBB5875F-3019-4F49-BE80-1C48D5E38763}.AppStore|ARM.ActiveCfg = Debug|Any CPU
		{FBB5875F-3019-4F49-BE80-1C48D5E38763}.AppStore|ARM.Build.0 = Debug|Any CPU
		{FBB5875F-3019-4F49-BE80-1C48D5E38763}.AppStore|ARM.Deploy.0 = Debug|Any CPU
		{FBB5875F-3019-4F49-BE80-1C48D5E38763}.AppStore|iPhone.ActiveCfg = Debug|Any CPU
		{FBB5875F-3019-4F49-BE80-1C48D5E38763}.AppStore|iPhone.Build.0 = Debug|Any CPU
		{FBB5875F-3019-4F49-BE80-1C48D5E38763}.AppStore|iPhone.Deploy.0 = Debug|Any CPU
		{FBB5875F-3019-4F49-BE80-1C48D5E38763}.AppStore|iPhoneSimulator.ActiveCfg = Debug|Any CPU
		{FBB5875F-3019-4F49-BE80-1C48D5E38763}.AppStore|iPhoneSimulator.Build.0 = Debug|Any CPU
		{FBB5875F-3019-4F49-BE80-1C48D5E38763}.AppStore|iPhoneSimulator.Deploy.0 = Debug|Any CPU
		{FBB5875F-3019-4F49-BE80-1C48D5E38763}.AppStore|x64.ActiveCfg = Debug|Any CPU
		{FBB5875F-3019-4F49-BE80-1C48D5E38763}.AppStore|x64.Build.0 = Debug|Any CPU
		{FBB5875F-3019-4F49-BE80-1C48D5E38763}.AppStore|x64.Deploy.0 = Debug|Any CPU
		{FBB5875F-3019-4F49-BE80-1C48D5E38763}.AppStore|x86.ActiveCfg = Debug|Any CPU
		{FBB5875F-3019-4F49-BE80-1C48D5E38763}.AppStore|x86.Build.0 = Debug|Any CPU
		{FBB5875F-3019-4F49-BE80-1C48D5E38763}.AppStore|x86.Deploy.0 = Debug|Any CPU
		{FBB5875F-3019-4F49-BE80-1C48D5E38763}.Debug|Any CPU.ActiveCfg = Debug|Any CPU
		{FBB5875F-3019-4F49-BE80-1C48D5E38763}.Debug|Any CPU.Build.0 = Debug|Any CPU
		{FBB5875F-3019-4F49-BE80-1C48D5E38763}.Debug|Any CPU.Deploy.0 = Debug|Any CPU
		{FBB5875F-3019-4F49-BE80-1C48D5E38763}.Debug|ARM.ActiveCfg = Debug|Any CPU
		{FBB5875F-3019-4F49-BE80-1C48D5E38763}.Debug|ARM.Build.0 = Debug|Any CPU
		{FBB5875F-3019-4F49-BE80-1C48D5E38763}.Debug|ARM.Deploy.0 = Debug|Any CPU
		{FBB5875F-3019-4F49-BE80-1C48D5E38763}.Debug|iPhone.ActiveCfg = Debug|Any CPU
		{FBB5875F-3019-4F49-BE80-1C48D5E38763}.Debug|iPhone.Build.0 = Debug|Any CPU
		{FBB5875F-3019-4F49-BE80-1C48D5E38763}.Debug|iPhone.Deploy.0 = Debug|Any CPU
		{FBB5875F-3019-4F49-BE80-1C48D5E38763}.Debug|iPhoneSimulator.ActiveCfg = Debug|Any CPU
		{FBB5875F-3019-4F49-BE80-1C48D5E38763}.Debug|iPhoneSimulator.Build.0 = Debug|Any CPU
		{FBB5875F-3019-4F49-BE80-1C48D5E38763}.Debug|iPhoneSimulator.Deploy.0 = Debug|Any CPU
		{FBB5875F-3019-4F49-BE80-1C48D5E38763}.Debug|x64.ActiveCfg = Debug|Any CPU
		{FBB5875F-3019-4F49-BE80-1C48D5E38763}.Debug|x64.Build.0 = Debug|Any CPU
		{FBB5875F-3019-4F49-BE80-1C48D5E38763}.Debug|x64.Deploy.0 = Debug|Any CPU
		{FBB5875F-3019-4F49-BE80-1C48D5E38763}.Debug|x86.ActiveCfg = Debug|Any CPU
		{FBB5875F-3019-4F49-BE80-1C48D5E38763}.Debug|x86.Build.0 = Debug|Any CPU
		{FBB5875F-3019-4F49-BE80-1C48D5E38763}.Debug|x86.Deploy.0 = Debug|Any CPU
		{FBB5875F-3019-4F49-BE80-1C48D5E38763}.Release|Any CPU.ActiveCfg = Release|Any CPU
		{FBB5875F-3019-4F49-BE80-1C48D5E38763}.Release|Any CPU.Build.0 = Release|Any CPU
		{FBB5875F-3019-4F49-BE80-1C48D5E38763}.Release|Any CPU.Deploy.0 = Release|Any CPU
		{FBB5875F-3019-4F49-BE80-1C48D5E38763}.Release|ARM.ActiveCfg = Release|Any CPU
		{FBB5875F-3019-4F49-BE80-1C48D5E38763}.Release|ARM.Build.0 = Release|Any CPU
		{FBB5875F-3019-4F49-BE80-1C48D5E38763}.Release|ARM.Deploy.0 = Release|Any CPU
		{FBB5875F-3019-4F49-BE80-1C48D5E38763}.Release|iPhone.ActiveCfg = Release|Any CPU
		{FBB5875F-3019-4F49-BE80-1C48D5E38763}.Release|iPhone.Build.0 = Release|Any CPU
		{FBB5875F-3019-4F49-BE80-1C48D5E38763}.Release|iPhone.Deploy.0 = Release|Any CPU
		{FBB5875F-3019-4F49-BE80-1C48D5E38763}.Release|iPhoneSimulator.ActiveCfg = Release|Any CPU
		{FBB5875F-3019-4F49-BE80-1C48D5E38763}.Release|iPhoneSimulator.Build.0 = Release|Any CPU
		{FBB5875F-3019-4F49-BE80-1C48D5E38763}.Release|iPhoneSimulator.Deploy.0 = Release|Any CPU
		{FBB5875F-3019-4F49-BE80-1C48D5E38763}.Release|x64.ActiveCfg = Release|Any CPU
		{FBB5875F-3019-4F49-BE80-1C48D5E38763}.Release|x64.Build.0 = Release|Any CPU
		{FBB5875F-3019-4F49-BE80-1C48D5E38763}.Release|x64.Deploy.0 = Release|Any CPU
		{FBB5875F-3019-4F49-BE80-1C48D5E38763}.Release|x86.ActiveCfg = Release|Any CPU
		{FBB5875F-3019-4F49-BE80-1C48D5E38763}.Release|x86.Build.0 = Release|Any CPU
		{FBB5875F-3019-4F49-BE80-1C48D5E38763}.Release|x86.Deploy.0 = Release|Any CPU
		{37473FA3-DAF1-41A9-BBCF-1FE7068C4F37}.Ad-Hoc|Any CPU.ActiveCfg = Release|Any CPU
		{37473FA3-DAF1-41A9-BBCF-1FE7068C4F37}.Ad-Hoc|Any CPU.Build.0 = Release|Any CPU
		{37473FA3-DAF1-41A9-BBCF-1FE7068C4F37}.Ad-Hoc|ARM.ActiveCfg = Release|Any CPU
		{37473FA3-DAF1-41A9-BBCF-1FE7068C4F37}.Ad-Hoc|ARM.Build.0 = Release|Any CPU
		{37473FA3-DAF1-41A9-BBCF-1FE7068C4F37}.Ad-Hoc|iPhone.ActiveCfg = Release|Any CPU
		{37473FA3-DAF1-41A9-BBCF-1FE7068C4F37}.Ad-Hoc|iPhone.Build.0 = Release|Any CPU
		{37473FA3-DAF1-41A9-BBCF-1FE7068C4F37}.Ad-Hoc|iPhoneSimulator.ActiveCfg = Release|Any CPU
		{37473FA3-DAF1-41A9-BBCF-1FE7068C4F37}.Ad-Hoc|iPhoneSimulator.Build.0 = Release|Any CPU
		{37473FA3-DAF1-41A9-BBCF-1FE7068C4F37}.Ad-Hoc|x64.ActiveCfg = Release|Any CPU
		{37473FA3-DAF1-41A9-BBCF-1FE7068C4F37}.Ad-Hoc|x64.Build.0 = Release|Any CPU
		{37473FA3-DAF1-41A9-BBCF-1FE7068C4F37}.Ad-Hoc|x86.ActiveCfg = Release|Any CPU
		{37473FA3-DAF1-41A9-BBCF-1FE7068C4F37}.Ad-Hoc|x86.Build.0 = Release|Any CPU
		{37473FA3-DAF1-41A9-BBCF-1FE7068C4F37}.AppStore|Any CPU.ActiveCfg = Release|Any CPU
		{37473FA3-DAF1-41A9-BBCF-1FE7068C4F37}.AppStore|Any CPU.Build.0 = Release|Any CPU
		{37473FA3-DAF1-41A9-BBCF-1FE7068C4F37}.AppStore|ARM.ActiveCfg = Release|Any CPU
		{37473FA3-DAF1-41A9-BBCF-1FE7068C4F37}.AppStore|ARM.Build.0 = Release|Any CPU
		{37473FA3-DAF1-41A9-BBCF-1FE7068C4F37}.AppStore|iPhone.ActiveCfg = Release|Any CPU
		{37473FA3-DAF1-41A9-BBCF-1FE7068C4F37}.AppStore|iPhone.Build.0 = Release|Any CPU
		{37473FA3-DAF1-41A9-BBCF-1FE7068C4F37}.AppStore|iPhoneSimulator.ActiveCfg = Release|Any CPU
		{37473FA3-DAF1-41A9-BBCF-1FE7068C4F37}.AppStore|iPhoneSimulator.Build.0 = Release|Any CPU
		{37473FA3-DAF1-41A9-BBCF-1FE7068C4F37}.AppStore|x64.ActiveCfg = Release|Any CPU
		{37473FA3-DAF1-41A9-BBCF-1FE7068C4F37}.AppStore|x64.Build.0 = Release|Any CPU
		{37473FA3-DAF1-41A9-BBCF-1FE7068C4F37}.AppStore|x86.ActiveCfg = Release|Any CPU
		{37473FA3-DAF1-41A9-BBCF-1FE7068C4F37}.AppStore|x86.Build.0 = Release|Any CPU
		{37473FA3-DAF1-41A9-BBCF-1FE7068C4F37}.Debug|Any CPU.ActiveCfg = Debug|Any CPU
		{37473FA3-DAF1-41A9-BBCF-1FE7068C4F37}.Debug|Any CPU.Build.0 = Debug|Any CPU
		{37473FA3-DAF1-41A9-BBCF-1FE7068C4F37}.Debug|ARM.ActiveCfg = Debug|Any CPU
		{37473FA3-DAF1-41A9-BBCF-1FE7068C4F37}.Debug|ARM.Build.0 = Debug|Any CPU
		{37473FA3-DAF1-41A9-BBCF-1FE7068C4F37}.Debug|iPhone.ActiveCfg = Debug|Any CPU
		{37473FA3-DAF1-41A9-BBCF-1FE7068C4F37}.Debug|iPhone.Build.0 = Debug|Any CPU
		{37473FA3-DAF1-41A9-BBCF-1FE7068C4F37}.Debug|iPhoneSimulator.ActiveCfg = Debug|Any CPU
		{37473FA3-DAF1-41A9-BBCF-1FE7068C4F37}.Debug|iPhoneSimulator.Build.0 = Debug|Any CPU
		{37473FA3-DAF1-41A9-BBCF-1FE7068C4F37}.Debug|x64.ActiveCfg = Debug|Any CPU
		{37473FA3-DAF1-41A9-BBCF-1FE7068C4F37}.Debug|x64.Build.0 = Debug|Any CPU
		{37473FA3-DAF1-41A9-BBCF-1FE7068C4F37}.Debug|x86.ActiveCfg = Debug|Any CPU
		{37473FA3-DAF1-41A9-BBCF-1FE7068C4F37}.Debug|x86.Build.0 = Debug|Any CPU
		{37473FA3-DAF1-41A9-BBCF-1FE7068C4F37}.Release|Any CPU.ActiveCfg = Release|Any CPU
		{37473FA3-DAF1-41A9-BBCF-1FE7068C4F37}.Release|Any CPU.Build.0 = Release|Any CPU
		{37473FA3-DAF1-41A9-BBCF-1FE7068C4F37}.Release|ARM.ActiveCfg = Release|Any CPU
		{37473FA3-DAF1-41A9-BBCF-1FE7068C4F37}.Release|ARM.Build.0 = Release|Any CPU
		{37473FA3-DAF1-41A9-BBCF-1FE7068C4F37}.Release|iPhone.ActiveCfg = Release|Any CPU
		{37473FA3-DAF1-41A9-BBCF-1FE7068C4F37}.Release|iPhone.Build.0 = Release|Any CPU
		{37473FA3-DAF1-41A9-BBCF-1FE7068C4F37}.Release|iPhoneSimulator.ActiveCfg = Release|Any CPU
		{37473FA3-DAF1-41A9-BBCF-1FE7068C4F37}.Release|iPhoneSimulator.Build.0 = Release|Any CPU
		{37473FA3-DAF1-41A9-BBCF-1FE7068C4F37}.Release|x64.ActiveCfg = Release|Any CPU
		{37473FA3-DAF1-41A9-BBCF-1FE7068C4F37}.Release|x64.Build.0 = Release|Any CPU
		{37473FA3-DAF1-41A9-BBCF-1FE7068C4F37}.Release|x86.ActiveCfg = Release|Any CPU
		{37473FA3-DAF1-41A9-BBCF-1FE7068C4F37}.Release|x86.Build.0 = Release|Any CPU
		{E32CDE7C-400D-40E0-821E-BBC7DC40E505}.Ad-Hoc|Any CPU.ActiveCfg = Release|Any CPU
		{E32CDE7C-400D-40E0-821E-BBC7DC40E505}.Ad-Hoc|Any CPU.Build.0 = Release|Any CPU
		{E32CDE7C-400D-40E0-821E-BBC7DC40E505}.Ad-Hoc|ARM.ActiveCfg = Release|Any CPU
		{E32CDE7C-400D-40E0-821E-BBC7DC40E505}.Ad-Hoc|ARM.Build.0 = Release|Any CPU
		{E32CDE7C-400D-40E0-821E-BBC7DC40E505}.Ad-Hoc|iPhone.ActiveCfg = Release|Any CPU
		{E32CDE7C-400D-40E0-821E-BBC7DC40E505}.Ad-Hoc|iPhone.Build.0 = Release|Any CPU
		{E32CDE7C-400D-40E0-821E-BBC7DC40E505}.Ad-Hoc|iPhoneSimulator.ActiveCfg = Release|Any CPU
		{E32CDE7C-400D-40E0-821E-BBC7DC40E505}.Ad-Hoc|iPhoneSimulator.Build.0 = Release|Any CPU
		{E32CDE7C-400D-40E0-821E-BBC7DC40E505}.Ad-Hoc|x64.ActiveCfg = Release|Any CPU
		{E32CDE7C-400D-40E0-821E-BBC7DC40E505}.Ad-Hoc|x64.Build.0 = Release|Any CPU
		{E32CDE7C-400D-40E0-821E-BBC7DC40E505}.Ad-Hoc|x86.ActiveCfg = Release|Any CPU
		{E32CDE7C-400D-40E0-821E-BBC7DC40E505}.Ad-Hoc|x86.Build.0 = Release|Any CPU
		{E32CDE7C-400D-40E0-821E-BBC7DC40E505}.AppStore|Any CPU.ActiveCfg = Release|Any CPU
		{E32CDE7C-400D-40E0-821E-BBC7DC40E505}.AppStore|Any CPU.Build.0 = Release|Any CPU
		{E32CDE7C-400D-40E0-821E-BBC7DC40E505}.AppStore|ARM.ActiveCfg = Release|Any CPU
		{E32CDE7C-400D-40E0-821E-BBC7DC40E505}.AppStore|ARM.Build.0 = Release|Any CPU
		{E32CDE7C-400D-40E0-821E-BBC7DC40E505}.AppStore|iPhone.ActiveCfg = Release|Any CPU
		{E32CDE7C-400D-40E0-821E-BBC7DC40E505}.AppStore|iPhone.Build.0 = Release|Any CPU
		{E32CDE7C-400D-40E0-821E-BBC7DC40E505}.AppStore|iPhoneSimulator.ActiveCfg = Release|Any CPU
		{E32CDE7C-400D-40E0-821E-BBC7DC40E505}.AppStore|iPhoneSimulator.Build.0 = Release|Any CPU
		{E32CDE7C-400D-40E0-821E-BBC7DC40E505}.AppStore|x64.ActiveCfg = Release|Any CPU
		{E32CDE7C-400D-40E0-821E-BBC7DC40E505}.AppStore|x64.Build.0 = Release|Any CPU
		{E32CDE7C-400D-40E0-821E-BBC7DC40E505}.AppStore|x86.ActiveCfg = Release|Any CPU
		{E32CDE7C-400D-40E0-821E-BBC7DC40E505}.AppStore|x86.Build.0 = Release|Any CPU
		{E32CDE7C-400D-40E0-821E-BBC7DC40E505}.Debug|Any CPU.ActiveCfg = Debug|Any CPU
		{E32CDE7C-400D-40E0-821E-BBC7DC40E505}.Debug|Any CPU.Build.0 = Debug|Any CPU
		{E32CDE7C-400D-40E0-821E-BBC7DC40E505}.Debug|ARM.ActiveCfg = Debug|Any CPU
		{E32CDE7C-400D-40E0-821E-BBC7DC40E505}.Debug|ARM.Build.0 = Debug|Any CPU
		{E32CDE7C-400D-40E0-821E-BBC7DC40E505}.Debug|iPhone.ActiveCfg = Debug|Any CPU
		{E32CDE7C-400D-40E0-821E-BBC7DC40E505}.Debug|iPhone.Build.0 = Debug|Any CPU
		{E32CDE7C-400D-40E0-821E-BBC7DC40E505}.Debug|iPhoneSimulator.ActiveCfg = Debug|Any CPU
		{E32CDE7C-400D-40E0-821E-BBC7DC40E505}.Debug|iPhoneSimulator.Build.0 = Debug|Any CPU
		{E32CDE7C-400D-40E0-821E-BBC7DC40E505}.Debug|x64.ActiveCfg = Debug|Any CPU
		{E32CDE7C-400D-40E0-821E-BBC7DC40E505}.Debug|x64.Build.0 = Debug|Any CPU
		{E32CDE7C-400D-40E0-821E-BBC7DC40E505}.Debug|x86.ActiveCfg = Debug|Any CPU
		{E32CDE7C-400D-40E0-821E-BBC7DC40E505}.Debug|x86.Build.0 = Debug|Any CPU
		{E32CDE7C-400D-40E0-821E-BBC7DC40E505}.Release|Any CPU.ActiveCfg = Release|Any CPU
		{E32CDE7C-400D-40E0-821E-BBC7DC40E505}.Release|Any CPU.Build.0 = Release|Any CPU
		{E32CDE7C-400D-40E0-821E-BBC7DC40E505}.Release|ARM.ActiveCfg = Release|Any CPU
		{E32CDE7C-400D-40E0-821E-BBC7DC40E505}.Release|ARM.Build.0 = Release|Any CPU
		{E32CDE7C-400D-40E0-821E-BBC7DC40E505}.Release|iPhone.ActiveCfg = Release|Any CPU
		{E32CDE7C-400D-40E0-821E-BBC7DC40E505}.Release|iPhone.Build.0 = Release|Any CPU
		{E32CDE7C-400D-40E0-821E-BBC7DC40E505}.Release|iPhoneSimulator.ActiveCfg = Release|Any CPU
		{E32CDE7C-400D-40E0-821E-BBC7DC40E505}.Release|iPhoneSimulator.Build.0 = Release|Any CPU
		{E32CDE7C-400D-40E0-821E-BBC7DC40E505}.Release|x64.ActiveCfg = Release|Any CPU
		{E32CDE7C-400D-40E0-821E-BBC7DC40E505}.Release|x64.Build.0 = Release|Any CPU
		{E32CDE7C-400D-40E0-821E-BBC7DC40E505}.Release|x86.ActiveCfg = Release|Any CPU
		{E32CDE7C-400D-40E0-821E-BBC7DC40E505}.Release|x86.Build.0 = Release|Any CPU
		{65D2FD85-CC78-4E3B-A82C-5D3E013172BB}.Ad-Hoc|Any CPU.ActiveCfg = Release|Any CPU
		{65D2FD85-CC78-4E3B-A82C-5D3E013172BB}.Ad-Hoc|Any CPU.Build.0 = Release|Any CPU
		{65D2FD85-CC78-4E3B-A82C-5D3E013172BB}.Ad-Hoc|ARM.ActiveCfg = Release|Any CPU
		{65D2FD85-CC78-4E3B-A82C-5D3E013172BB}.Ad-Hoc|ARM.Build.0 = Release|Any CPU
		{65D2FD85-CC78-4E3B-A82C-5D3E013172BB}.Ad-Hoc|iPhone.ActiveCfg = Release|Any CPU
		{65D2FD85-CC78-4E3B-A82C-5D3E013172BB}.Ad-Hoc|iPhone.Build.0 = Release|Any CPU
		{65D2FD85-CC78-4E3B-A82C-5D3E013172BB}.Ad-Hoc|iPhoneSimulator.ActiveCfg = Release|Any CPU
		{65D2FD85-CC78-4E3B-A82C-5D3E013172BB}.Ad-Hoc|iPhoneSimulator.Build.0 = Release|Any CPU
		{65D2FD85-CC78-4E3B-A82C-5D3E013172BB}.Ad-Hoc|x64.ActiveCfg = Release|Any CPU
		{65D2FD85-CC78-4E3B-A82C-5D3E013172BB}.Ad-Hoc|x64.Build.0 = Release|Any CPU
		{65D2FD85-CC78-4E3B-A82C-5D3E013172BB}.Ad-Hoc|x86.ActiveCfg = Release|Any CPU
		{65D2FD85-CC78-4E3B-A82C-5D3E013172BB}.Ad-Hoc|x86.Build.0 = Release|Any CPU
		{65D2FD85-CC78-4E3B-A82C-5D3E013172BB}.AppStore|Any CPU.ActiveCfg = Release|Any CPU
		{65D2FD85-CC78-4E3B-A82C-5D3E013172BB}.AppStore|Any CPU.Build.0 = Release|Any CPU
		{65D2FD85-CC78-4E3B-A82C-5D3E013172BB}.AppStore|ARM.ActiveCfg = Release|Any CPU
		{65D2FD85-CC78-4E3B-A82C-5D3E013172BB}.AppStore|ARM.Build.0 = Release|Any CPU
		{65D2FD85-CC78-4E3B-A82C-5D3E013172BB}.AppStore|iPhone.ActiveCfg = Release|Any CPU
		{65D2FD85-CC78-4E3B-A82C-5D3E013172BB}.AppStore|iPhone.Build.0 = Release|Any CPU
		{65D2FD85-CC78-4E3B-A82C-5D3E013172BB}.AppStore|iPhoneSimulator.ActiveCfg = Release|Any CPU
		{65D2FD85-CC78-4E3B-A82C-5D3E013172BB}.AppStore|iPhoneSimulator.Build.0 = Release|Any CPU
		{65D2FD85-CC78-4E3B-A82C-5D3E013172BB}.AppStore|x64.ActiveCfg = Release|Any CPU
		{65D2FD85-CC78-4E3B-A82C-5D3E013172BB}.AppStore|x64.Build.0 = Release|Any CPU
		{65D2FD85-CC78-4E3B-A82C-5D3E013172BB}.AppStore|x86.ActiveCfg = Release|Any CPU
		{65D2FD85-CC78-4E3B-A82C-5D3E013172BB}.AppStore|x86.Build.0 = Release|Any CPU
		{65D2FD85-CC78-4E3B-A82C-5D3E013172BB}.Debug|Any CPU.ActiveCfg = Debug|Any CPU
		{65D2FD85-CC78-4E3B-A82C-5D3E013172BB}.Debug|Any CPU.Build.0 = Debug|Any CPU
		{65D2FD85-CC78-4E3B-A82C-5D3E013172BB}.Debug|ARM.ActiveCfg = Debug|Any CPU
		{65D2FD85-CC78-4E3B-A82C-5D3E013172BB}.Debug|ARM.Build.0 = Debug|Any CPU
		{65D2FD85-CC78-4E3B-A82C-5D3E013172BB}.Debug|iPhone.ActiveCfg = Debug|Any CPU
		{65D2FD85-CC78-4E3B-A82C-5D3E013172BB}.Debug|iPhone.Build.0 = Debug|Any CPU
		{65D2FD85-CC78-4E3B-A82C-5D3E013172BB}.Debug|iPhoneSimulator.ActiveCfg = Debug|Any CPU
		{65D2FD85-CC78-4E3B-A82C-5D3E013172BB}.Debug|iPhoneSimulator.Build.0 = Debug|Any CPU
		{65D2FD85-CC78-4E3B-A82C-5D3E013172BB}.Debug|x64.ActiveCfg = Debug|Any CPU
		{65D2FD85-CC78-4E3B-A82C-5D3E013172BB}.Debug|x64.Build.0 = Debug|Any CPU
		{65D2FD85-CC78-4E3B-A82C-5D3E013172BB}.Debug|x86.ActiveCfg = Debug|Any CPU
		{65D2FD85-CC78-4E3B-A82C-5D3E013172BB}.Debug|x86.Build.0 = Debug|Any CPU
		{65D2FD85-CC78-4E3B-A82C-5D3E013172BB}.Release|Any CPU.ActiveCfg = Release|Any CPU
		{65D2FD85-CC78-4E3B-A82C-5D3E013172BB}.Release|Any CPU.Build.0 = Release|Any CPU
		{65D2FD85-CC78-4E3B-A82C-5D3E013172BB}.Release|ARM.ActiveCfg = Release|Any CPU
		{65D2FD85-CC78-4E3B-A82C-5D3E013172BB}.Release|ARM.Build.0 = Release|Any CPU
		{65D2FD85-CC78-4E3B-A82C-5D3E013172BB}.Release|iPhone.ActiveCfg = Release|Any CPU
		{65D2FD85-CC78-4E3B-A82C-5D3E013172BB}.Release|iPhone.Build.0 = Release|Any CPU
		{65D2FD85-CC78-4E3B-A82C-5D3E013172BB}.Release|iPhoneSimulator.ActiveCfg = Release|Any CPU
		{65D2FD85-CC78-4E3B-A82C-5D3E013172BB}.Release|iPhoneSimulator.Build.0 = Release|Any CPU
		{65D2FD85-CC78-4E3B-A82C-5D3E013172BB}.Release|x64.ActiveCfg = Release|Any CPU
		{65D2FD85-CC78-4E3B-A82C-5D3E013172BB}.Release|x64.Build.0 = Release|Any CPU
		{65D2FD85-CC78-4E3B-A82C-5D3E013172BB}.Release|x86.ActiveCfg = Release|Any CPU
		{65D2FD85-CC78-4E3B-A82C-5D3E013172BB}.Release|x86.Build.0 = Release|Any CPU
		{90ABCBCD-7E3A-470D-85BD-EE7A4803E30F}.Ad-Hoc|Any CPU.ActiveCfg = Release|Any CPU
		{90ABCBCD-7E3A-470D-85BD-EE7A4803E30F}.Ad-Hoc|Any CPU.Build.0 = Release|Any CPU
		{90ABCBCD-7E3A-470D-85BD-EE7A4803E30F}.Ad-Hoc|ARM.ActiveCfg = Release|Any CPU
		{90ABCBCD-7E3A-470D-85BD-EE7A4803E30F}.Ad-Hoc|ARM.Build.0 = Release|Any CPU
		{90ABCBCD-7E3A-470D-85BD-EE7A4803E30F}.Ad-Hoc|iPhone.ActiveCfg = Release|Any CPU
		{90ABCBCD-7E3A-470D-85BD-EE7A4803E30F}.Ad-Hoc|iPhone.Build.0 = Release|Any CPU
		{90ABCBCD-7E3A-470D-85BD-EE7A4803E30F}.Ad-Hoc|iPhoneSimulator.ActiveCfg = Release|Any CPU
		{90ABCBCD-7E3A-470D-85BD-EE7A4803E30F}.Ad-Hoc|iPhoneSimulator.Build.0 = Release|Any CPU
		{90ABCBCD-7E3A-470D-85BD-EE7A4803E30F}.Ad-Hoc|x64.ActiveCfg = Release|Any CPU
		{90ABCBCD-7E3A-470D-85BD-EE7A4803E30F}.Ad-Hoc|x64.Build.0 = Release|Any CPU
		{90ABCBCD-7E3A-470D-85BD-EE7A4803E30F}.Ad-Hoc|x86.ActiveCfg = Release|Any CPU
		{90ABCBCD-7E3A-470D-85BD-EE7A4803E30F}.Ad-Hoc|x86.Build.0 = Release|Any CPU
		{90ABCBCD-7E3A-470D-85BD-EE7A4803E30F}.AppStore|Any CPU.ActiveCfg = Release|Any CPU
		{90ABCBCD-7E3A-470D-85BD-EE7A4803E30F}.AppStore|Any CPU.Build.0 = Release|Any CPU
		{90ABCBCD-7E3A-470D-85BD-EE7A4803E30F}.AppStore|ARM.ActiveCfg = Release|Any CPU
		{90ABCBCD-7E3A-470D-85BD-EE7A4803E30F}.AppStore|ARM.Build.0 = Release|Any CPU
		{90ABCBCD-7E3A-470D-85BD-EE7A4803E30F}.AppStore|iPhone.ActiveCfg = Release|Any CPU
		{90ABCBCD-7E3A-470D-85BD-EE7A4803E30F}.AppStore|iPhone.Build.0 = Release|Any CPU
		{90ABCBCD-7E3A-470D-85BD-EE7A4803E30F}.AppStore|iPhoneSimulator.ActiveCfg = Release|Any CPU
		{90ABCBCD-7E3A-470D-85BD-EE7A4803E30F}.AppStore|iPhoneSimulator.Build.0 = Release|Any CPU
		{90ABCBCD-7E3A-470D-85BD-EE7A4803E30F}.AppStore|x64.ActiveCfg = Release|Any CPU
		{90ABCBCD-7E3A-470D-85BD-EE7A4803E30F}.AppStore|x64.Build.0 = Release|Any CPU
		{90ABCBCD-7E3A-470D-85BD-EE7A4803E30F}.AppStore|x86.ActiveCfg = Release|Any CPU
		{90ABCBCD-7E3A-470D-85BD-EE7A4803E30F}.AppStore|x86.Build.0 = Release|Any CPU
		{90ABCBCD-7E3A-470D-85BD-EE7A4803E30F}.Debug|Any CPU.ActiveCfg = Debug|Any CPU
		{90ABCBCD-7E3A-470D-85BD-EE7A4803E30F}.Debug|Any CPU.Build.0 = Debug|Any CPU
		{90ABCBCD-7E3A-470D-85BD-EE7A4803E30F}.Debug|ARM.ActiveCfg = Debug|Any CPU
		{90ABCBCD-7E3A-470D-85BD-EE7A4803E30F}.Debug|ARM.Build.0 = Debug|Any CPU
		{90ABCBCD-7E3A-470D-85BD-EE7A4803E30F}.Debug|iPhone.ActiveCfg = Debug|Any CPU
		{90ABCBCD-7E3A-470D-85BD-EE7A4803E30F}.Debug|iPhone.Build.0 = Debug|Any CPU
		{90ABCBCD-7E3A-470D-85BD-EE7A4803E30F}.Debug|iPhoneSimulator.ActiveCfg = Debug|Any CPU
		{90ABCBCD-7E3A-470D-85BD-EE7A4803E30F}.Debug|iPhoneSimulator.Build.0 = Debug|Any CPU
		{90ABCBCD-7E3A-470D-85BD-EE7A4803E30F}.Debug|x64.ActiveCfg = Debug|Any CPU
		{90ABCBCD-7E3A-470D-85BD-EE7A4803E30F}.Debug|x64.Build.0 = Debug|Any CPU
		{90ABCBCD-7E3A-470D-85BD-EE7A4803E30F}.Debug|x86.ActiveCfg = Debug|Any CPU
		{90ABCBCD-7E3A-470D-85BD-EE7A4803E30F}.Debug|x86.Build.0 = Debug|Any CPU
		{90ABCBCD-7E3A-470D-85BD-EE7A4803E30F}.Release|Any CPU.ActiveCfg = Release|Any CPU
		{90ABCBCD-7E3A-470D-85BD-EE7A4803E30F}.Release|Any CPU.Build.0 = Release|Any CPU
		{90ABCBCD-7E3A-470D-85BD-EE7A4803E30F}.Release|ARM.ActiveCfg = Release|Any CPU
		{90ABCBCD-7E3A-470D-85BD-EE7A4803E30F}.Release|ARM.Build.0 = Release|Any CPU
		{90ABCBCD-7E3A-470D-85BD-EE7A4803E30F}.Release|iPhone.ActiveCfg = Release|Any CPU
		{90ABCBCD-7E3A-470D-85BD-EE7A4803E30F}.Release|iPhone.Build.0 = Release|Any CPU
		{90ABCBCD-7E3A-470D-85BD-EE7A4803E30F}.Release|iPhoneSimulator.ActiveCfg = Release|Any CPU
		{90ABCBCD-7E3A-470D-85BD-EE7A4803E30F}.Release|iPhoneSimulator.Build.0 = Release|Any CPU
		{90ABCBCD-7E3A-470D-85BD-EE7A4803E30F}.Release|x64.ActiveCfg = Release|Any CPU
		{90ABCBCD-7E3A-470D-85BD-EE7A4803E30F}.Release|x64.Build.0 = Release|Any CPU
		{90ABCBCD-7E3A-470D-85BD-EE7A4803E30F}.Release|x86.ActiveCfg = Release|Any CPU
		{90ABCBCD-7E3A-470D-85BD-EE7A4803E30F}.Release|x86.Build.0 = Release|Any CPU
	EndGlobalSection
	GlobalSection(SolutionProperties) = preSolution
		HideSolutionNode = FALSE
	EndGlobalSection
	GlobalSection(ExtensibilityGlobals) = postSolution
		SolutionGuid = {1E9A514B-744C-40D2-A2E7-C1EA20B8EEA6}
	EndGlobalSection
EndGlobal
